
Microsoft Visual Studio Solution File, Format Version 12.00
# Visual Studio Version 16
VisualStudioVersion = 16.0.30523.141
MinimumVisualStudioVersion = 10.0.40219.1
Project("{FAE04EC0-301F-11D3-BF4B-00C04F79EFBC}") = "TestPlaywrightSharp111-2", "TestPlaywrightSharp111-2.csproj", "{60FFAEAB-7F51-42E7-90AB-83EF57121F40}"
EndProject
Global
	GlobalSection(SolutionConfigurationPlatforms) = preSolution
		Debug|Any CPU = Debug|Any CPU
		Release|Any CPU = Release|Any CPU
	EndGlobalSection
	GlobalSection(ProjectConfigurationPlatforms) = postSolution
		{60FFAEAB-7F51-42E7-90AB-83EF57121F40}.Debug|Any CPU.ActiveCfg = Debug|Any CPU
		{60FFAEAB-7F51-42E7-90AB-83EF57121F40}.Debug|Any CPU.Build.0 = Debug|Any CPU
		{60FFAEAB-7F51-42E7-90AB-83EF57121F40}.Release|Any CPU.ActiveCfg = Release|Any CPU
		{60FFAEAB-7F51-42E7-90AB-83EF57121F40}.Release|Any CPU.Build.0 = Release|Any CPU
	EndGlobalSection
	GlobalSection(SolutionProperties) = preSolution
		HideSolutionNode = FALSE
	EndGlobalSection
	GlobalSection(ExtensibilityGlobals) = postSolution
		SolutionGuid = {1A2993BF-3272-43DA-8266-B2DE8AF7211C}
	EndGlobalSection
EndGlobal
